
Microsoft Visual Studio Solution File, Format Version 12.00
Project("{FAE04EC0-301F-11D3-BF4B-00C04F79EFBC}") = "ConsoleApp3", "ConsoleApp3\ConsoleApp3.csproj", "{989878B5-46C6-4494-9B15-CDAEF2F9AAA1}"
EndProject
Global
	GlobalSection(SolutionConfigurationPlatforms) = preSolution
		Debug|Any CPU = Debug|Any CPU
		Release|Any CPU = Release|Any CPU
	EndGlobalSection
	GlobalSection(ProjectConfigurationPlatforms) = postSolution
		{989878B5-46C6-4494-9B15-CDAEF2F9AAA1}.Debug|Any CPU.ActiveCfg = Debug|Any CPU
		{989878B5-46C6-4494-9B15-CDAEF2F9AAA1}.Debug|Any CPU.Build.0 = Debug|Any CPU
		{989878B5-46C6-4494-9B15-CDAEF2F9AAA1}.Release|Any CPU.ActiveCfg = Release|Any CPU
		{989878B5-46C6-4494-9B15-CDAEF2F9AAA1}.Release|Any CPU.Build.0 = Release|Any CPU
	EndGlobalSection
EndGlobal
